<?xml version="1.0" encoding="UTF-8" standalone="yes" ?>
<CodeBlocks_project_file>
	<FileVersion major="1" minor="6" />
	<Project>
		<Option title="quickmail_shared" />
		<Option pch_mode="2" />
		<Option compiler="gcc" />
		<Build>
			<Target title="Debug">
				<Option output="bin/Debug/quickmail" prefix_auto="1" extension_auto="1" />
				<Option object_output="obj/Debug/" />
				<Option type="1" />
				<Option compiler="gcc" />
				<Compiler>
					<Add option="-g" />
				</Compiler>
				<Linker>
					<Add directory="bin/Debug" />
				</Linker>
			</Target>
			<Target title="Release">
				<Option output="bin/Release/quickmail" prefix_auto="1" extension_auto="1" />
				<Option object_output="obj/Release/" />
				<Option type="1" />
				<Option compiler="gcc" />
				<Compiler>
					<Add option="-O2" />
				</Compiler>
				<Linker>
					<Add option="-s" />
					<Add directory="bin/Release" />
				</Linker>
			</Target>
			<Target title="Debug64">
				<Option output="bin/Debug64/quickmail" prefix_auto="1" extension_auto="1" />
				<Option object_output="obj/Debug64/" />
				<Option type="1" />
				<Option compiler="mingw64" />
				<Compiler>
					<Add option="-g" />
				</Compiler>
				<Linker>
					<Add directory="bin/Debug64" />
				</Linker>
			</Target>
			<Target title="Release64">
				<Option output="bin/Release64/quickmail" prefix_auto="1" extension_auto="1" />
				<Option object_output="obj/Release64/" />
				<Option type="1" />
				<Option compiler="mingw64" />
				<Option parameters="-?" />
				<Compiler>
					<Add option="-O2" />
				</Compiler>
				<Linker>
					<Add option="-s" />
					<Add directory="bin/Release64" />
				</Linker>
			</Target>
			<Target title="Debug32">
				<Option output="bin/Debug32/quickmail" prefix_auto="1" extension_auto="1" />
				<Option object_output="obj/Debug32/" />
				<Option type="1" />
				<Option compiler="mingw32" />
				<Compiler>
					<Add option="-g" />
				</Compiler>
				<Linker>
					<Add directory="bin/Debug32" />
				</Linker>
			</Target>
			<Target title="Release32">
				<Option output="bin/Release32/quickmail" prefix_auto="1" extension_auto="1" />
				<Option object_output="obj/Release32/" />
				<Option type="1" />
				<Option compiler="mingw32" />
				<Compiler>
					<Add option="-O2" />
				</Compiler>
				<Linker>
					<Add option="-s" />
					<Add directory="bin/Release32" />
				</Linker>
			</Target>
		</Build>
		<Compiler>
			<Add option="-Wall" />
			<Add option="-DBUILD_QUICKMAIL_STATIC" />
			<Add option="-DCURL_STATICLIB" />
		</Compiler>
		<Linker>
			<Add option="`pkg-config --libs libcurl`" />
			<Add option="-llibquickmail" />
		</Linker>
		<Unit filename="quickmailprog.c">
			<Option compilerVar="CC" />
		</Unit>
		<Extensions>
			<code_completion />
			<debugger />
			<envvars />
		</Extensions>
	</Project>
</CodeBlocks_project_file>
